<?xml version="1.0" encoding="utf-8"?>
<Project ToolsVersion="4.0" xmlns="http://schemas.microsoft.com/developer/msbuild/2003">
  <ItemGroup>
    <Filter Include="Math">
      <UniqueIdentifier>{1f18e1d6-f9c8-4d9e-b80c-5dc2a5860c32}</UniqueIdentifier>
    </Filter>
    <Filter Include="Diffusion">
      <UniqueIdentifier>{967188e5-2d2a-4a02-a7eb-3cac3d758d4c}</UniqueIdentifier>
    </Filter>
    <Filter Include="Diffusion\Kernel">
      <UniqueIdentifier>{0b06af44-6426-4b54-93ee-89f090fde953}</UniqueIdentifier>
    </Filter>
    <Filter Include="Diffusion\SingleThread">
      <UniqueIdentifier>{1ca4b592-fc35-47ea-ba6e-ce9b8c999585}</UniqueIdentifier>
    </Filter>
    <Filter Include="Table">
      <UniqueIdentifier>{ca91647c-274c-40a6-94e4-dba5135825b8}</UniqueIdentifier>
    </Filter>
    <Filter Include="WHFI">
      <UniqueIdentifier>{a5fa9700-48d4-4b23-b902-879bf829518c}</UniqueIdentifier>
    </Filter>
    <Filter Include="ZFunc">
      <UniqueIdentifier>{fc2a34e0-215a-4274-9012-1b2e62d3b6a2}</UniqueIdentifier>
    </Filter>
  </ItemGroup>
  <ItemGroup>
    <ClInclude Include="Transpose.cuh">
      <Filter>Math</Filter>
    </ClInclude>
    <ClInclude Include="StridedThomsonSolver.cuh">
      <Filter>Math</Filter>
    </ClInclude>
    <ClInclude Include="ThomsonSolver.cuh">
      <Filter>Math</Filter>
    </ClInclude>
    <ClInclude Include="ThomsonSolverKernel.cuh">
      <Filter>Math</Filter>
    </ClInclude>
    <ClInclude Include="DeviceMemory.h" />
    <ClInclude Include="DeviceException.h" />
    <ClInclude Include="CorrectionStepKernel.cuh">
      <Filter>Diffusion\Kernel</Filter>
    </ClInclude>
    <ClInclude Include="ForwardStepCorrectionKernel.cuh">
      <Filter>Diffusion\Kernel</Filter>
    </ClInclude>
    <ClInclude Include="ForwardStepKernel.cuh">
      <Filter>Diffusion\Kernel</Filter>
    </ClInclude>
    <ClInclude Include="CyclicGridsTranspose.cuh">
      <Filter>Diffusion\Kernel</Filter>
    </ClInclude>
    <ClInclude Include="CorrectionStepTridiagonalMatrixCalculation.cuh">
      <Filter>Diffusion\SingleThread</Filter>
    </ClInclude>
    <ClInclude Include="DiagonalDiscretization.cuh">
      <Filter>Diffusion\SingleThread</Filter>
    </ClInclude>
    <ClInclude Include="ForwardStepTridiagonalMatrixCalculation.cuh">
      <Filter>Diffusion\SingleThread</Filter>
    </ClInclude>
    <ClInclude Include="ForwardStepTridiagonalMatrixCorrection.cuh">
      <Filter>Diffusion\SingleThread</Filter>
    </ClInclude>
    <ClInclude Include="MixedTermDiscretization.cuh">
      <Filter>Diffusion\SingleThread</Filter>
    </ClInclude>
    <ClInclude Include="DiffusionTest.h">
      <Filter>Diffusion</Filter>
    </ClInclude>
    <ClInclude Include="SimpleTwoDimensionalSolver.cuh">
      <Filter>Diffusion</Filter>
    </ClInclude>
    <ClInclude Include="AbstractTwoDimensionalSolver.cuh">
      <Filter>Diffusion</Filter>
    </ClInclude>
    <ClInclude Include="SimpleTable.h">
      <Filter>Table</Filter>
    </ClInclude>
    <ClInclude Include="SimpleTableIO.h">
      <Filter>Table</Filter>
    </ClInclude>
    <ClInclude Include="InitialDataImport.h">
      <Filter>Diffusion</Filter>
    </ClInclude>
    <ClInclude Include="ZeroMoment.cuh">
      <Filter>Math</Filter>
    </ClInclude>
    <ClInclude Include="FirstMoment.cuh">
      <Filter>Math</Filter>
    </ClInclude>
    <ClInclude Include="GammaPivotImport.h">
      <Filter>Diffusion</Filter>
    </ClInclude>
    <ClInclude Include="PhysicalParameters.h">
      <Filter>WHFI</Filter>
    </ClInclude>
    <ClInclude Include="ZFunc.cuh">
      <Filter>ZFunc</Filter>
    </ClInclude>
    <ClInclude Include="ZFuncImport.h">
      <Filter>ZFunc</Filter>
    </ClInclude>
    <ClInclude Include="Pow.h">
      <Filter>Math</Filter>
    </ClInclude>
    <ClInclude Include="KahanTabulator.h">
      <Filter>Math</Filter>
    </ClInclude>
    <ClInclude Include="ZFuncRungeKuttaSequence.h">
      <Filter>ZFunc</Filter>
    </ClInclude>
    <ClInclude Include="ZFuncTabulator.h">
      <Filter>ZFunc</Filter>
    </ClInclude>
    <ClInclude Include="ZFuncCalculation.h">
      <Filter>ZFunc</Filter>
    </ClInclude>
    <ClInclude Include="ZFuncExport.h">
      <Filter>ZFunc</Filter>
    </ClInclude>
  </ItemGroup>
  <ItemGroup>
    <CudaCompile Include="GammaRecalculation.cu" />
  </ItemGroup>
</Project>